// !$*UTF8*$!
{
	archiveVersion = 1;
	classes = {
	};
	objectVersion = 46;
	objects = {

/* Begin PBXBuildFile section */
		C9BDAD0A1DAD87EB0082FE0A /* CalcArrayPointsTests.swift in Sources */ = {isa = PBXBuildFile; fileRef = C9BDAD091DAD87EB0082FE0A /* CalcArrayPointsTests.swift */; };
		C9BDAD0F1DAD88680082FE0A /* main.swift in Sources */ = {isa = PBXBuildFile; fileRef = C9567A851DAC5C1B004480A0 /* main.swift */; };
		C9BDAD101DAD887B0082FE0A /* main.swift in Sources */ = {isa = PBXBuildFile; fileRef = C9567A851DAC5C1B004480A0 /* main.swift */; };
/* End PBXBuildFile section */

/* Begin PBXCopyFilesBuildPhase section */
		C9567A801DAC5C1B004480A0 /* CopyFiles */ = {
			isa = PBXCopyFilesBuildPhase;
			buildActionMask = 2147483647;
			dstPath = /usr/share/man/man1/;
			dstSubfolderSpec = 0;
			files = (
			);
			runOnlyForDeploymentPostprocessing = 1;
		};
/* End PBXCopyFilesBuildPhase section */

/* Begin PBXFileReference section */
		C9567A821DAC5C1B004480A0 /* CalcArrayPoints */ = {isa = PBXFileReference; explicitFileType = "compiled.mach-o.executable"; includeInIndex = 0; path = CalcArrayPoints; sourceTree = BUILT_PRODUCTS_DIR; };
		C9567A851DAC5C1B004480A0 /* main.swift */ = {isa = PBXFileReference; lastKnownFileType = sourcecode.swift; path = main.swift; sourceTree = "<group>"; };
		C9BDAD071DAD87EB0082FE0A /* CalcArrayPointsTests.xctest */ = {isa = PBXFileReference; explicitFileType = wrapper.cfbundle; includeInIndex = 0; path = CalcArrayPointsTests.xctest; sourceTree = BUILT_PRODUCTS_DIR; };
		C9BDAD091DAD87EB0082FE0A /* CalcArrayPointsTests.swift */ = {isa = PBXFileReference; lastKnownFileType = sourcecode.swift; path = CalcArrayPointsTests.swift; sourceTree = "<group>"; };
		C9BDAD0B1DAD87EB0082FE0A /* Info.plist */ = {isa = PBXFileReference; lastKnownFileType = text.plist.xml; path = Info.plist; sourceTree = "<group>"; };
/* End PBXFileReference section */

/* Begin PBXFrameworksBuildPhase section */
		C9567A7F1DAC5C1B004480A0 /* Frameworks */ = {
			isa = PBXFrameworksBuildPhase;
			buildActionMask = 2147483647;
			files = (
			);
			runOnlyForDeploymentPostprocessing = 0;
		};
		C9BDAD041DAD87EB0082FE0A /* Frameworks */ = {
			isa = PBXFrameworksBuildPhase;
			buildActionMask = 2147483647;
			files = (
			);
			runOnlyForDeploymentPostprocessing = 0;
		};
/* End PBXFrameworksBuildPhase section */

/* Begin PBXGroup section */
		C9567A791DAC5C1A004480A0 = {
			isa = PBXGroup;
			children = (
				C9567A841DAC5C1B004480A0 /* CalcArrayPoints */,
				C9BDAD081DAD87EB0082FE0A /* CalcArrayPointsTests */,
				C9567A831DAC5C1B004480A0 /* Products */,
			);
			sourceTree = "<group>";
		};
		C9567A831DAC5C1B004480A0 /* Products */ = {
			isa = PBXGroup;
			children = (
				C9567A821DAC5C1B004480A0 /* CalcArrayPoints */,
				C9BDAD071DAD87EB0082FE0A /* CalcArrayPointsTests.xctest */,
			);
			name = Products;
			sourceTree = "<group>";
		};
		C9567A841DAC5C1B004480A0 /* CalcArrayPoints */ = {
			isa = PBXGroup;
			children = (
				C9567A851DAC5C1B004480A0 /* main.swift */,
			);
			path = CalcArrayPoints;
			sourceTree = "<group>";
		};
		C9BDAD081DAD87EB0082FE0A /* CalcArrayPointsTests */ = {
			isa = PBXGroup;
			children = (
				C9BDAD091DAD87EB0082FE0A /* CalcArrayPointsTests.swift */,
				C9BDAD0B1DAD87EB0082FE0A /* Info.plist */,
			);
			path = CalcArrayPointsTests;
			sourceTree = "<group>";
		};
/* End PBXGroup section */

/* Begin PBXNativeTarget section */
		C9567A811DAC5C1B004480A0 /* CalcArrayPoints */ = {
			isa = PBXNativeTarget;
			buildConfigurationList = C9567A891DAC5C1B004480A0 /* Build configuration list for PBXNativeTarget "CalcArrayPoints" */;
			buildPhases = (
				C9567A7E1DAC5C1B004480A0 /* Sources */,
				C9567A7F1DAC5C1B004480A0 /* Frameworks */,
				C9567A801DAC5C1B004480A0 /* CopyFiles */,
			);
			buildRules = (
			);
			dependencies = (
			);
			name = CalcArrayPoints;
			productName = CalcArrayPoints;
			productReference = C9567A821DAC5C1B004480A0 /* CalcArrayPoints */;
			productType = "com.apple.product-type.tool";
		};
		C9BDAD061DAD87EB0082FE0A /* CalcArrayPointsTests */ = {
			isa = PBXNativeTarget;
			buildConfigurationList = C9BDAD0E1DAD87EB0082FE0A /* Build configuration list for PBXNativeTarget "CalcArrayPointsTests" */;
			buildPhases = (
				C9BDAD031DAD87EB0082FE0A /* Sources */,
				C9BDAD041DAD87EB0082FE0A /* Frameworks */,
				C9BDAD051DAD87EB0082FE0A /* Resources */,
			);
			buildRules = (
			);
			dependencies = (
			);
			name = CalcArrayPointsTests;
			productName = CalcArrayPointsTests;
			productReference = C9BDAD071DAD87EB0082FE0A /* CalcArrayPointsTests.xctest */;
			productType = "com.apple.product-type.bundle.unit-test";
		};
/* End PBXNativeTarget section */

/* Begin PBXProject section */
		C9567A7A1DAC5C1A004480A0 /* Project object */ = {
			isa = PBXProject;
			attributes = {
				LastSwiftUpdateCheck = 0800;
				LastUpgradeCheck = 0800;
				ORGANIZATIONNAME = "Matt Bond";
				TargetAttributes = {
					C9567A811DAC5C1B004480A0 = {
						CreatedOnToolsVersion = 8.0;
						DevelopmentTeam = ETMQ5VFD4P;
						ProvisioningStyle = Automatic;
					};
					C9BDAD061DAD87EB0082FE0A = {
						CreatedOnToolsVersion = 8.0;
						DevelopmentTeam = ETMQ5VFD4P;
						ProvisioningStyle = Automatic;
					};
				};
			};
			buildConfigurationList = C9567A7D1DAC5C1A004480A0 /* Build configuration list for PBXProject "CalcArrayPoints" */;
			compatibilityVersion = "Xcode 3.2";
			developmentRegion = English;
			hasScannedForEncodings = 0;
			knownRegions = (
				en,
			);
			mainGroup = C9567A791DAC5C1A004480A0;
			productRefGroup = C9567A831DAC5C1B004480A0 /* Products */;
			projectDirPath = "";
			projectRoot = "";
			targets = (
				C9567A811DAC5C1B004480A0 /* CalcArrayPoints */,
				C9BDAD061DAD87EB0082FE0A /* CalcArrayPointsTests */,
			);
		};
/* End PBXProject section */

/* Begin PBXResourcesBuildPhase section */
		C9BDAD051DAD87EB0082FE0A /* Resources */ = {
			isa = PBXResourcesBuildPhase;
			buildActionMask = 2147483647;
			files = (
			);
			runOnlyForDeploymentPostprocessing = 0;
		};
/* End PBXResourcesBuildPhase section */

/* Begin PBXSourcesBuildPhase section */
		C9567A7E1DAC5C1B004480A0 /* Sources */ = {
			isa = PBXSourcesBuildPhase;
			buildActionMask = 2147483647;
			files = (
				C9BDAD101DAD887B0082FE0A /* main.swift in Sources */,
			);
			runOnlyForDeploymentPostprocessing = 0;
		};
		C9BDAD031DAD87EB0082FE0A /* Sources */ = {
			isa = PBXSourcesBuildPhase;
			buildActionMask = 2147483647;
			files = (
				C9BDAD0F1DAD88680082FE0A /* main.swift in Sources */,
				C9BDAD0A1DAD87EB0082FE0A /* CalcArrayPointsTests.swift in Sources */,
			);
			runOnlyForDeploymentPostprocessing = 0;
		};
/* End PBXSourcesBuildPhase section */

/* Begin XCBuildConfiguration section */
		C9567A871DAC5C1B004480A0 /* Debug */ = {
			isa = XCBuildConfiguration;
			buildSettings = {
				ALWAYS_SEARCH_USER_PATHS = NO;
				CLANG_ANALYZER_NONNULL = YES;
				CLANG_CXX_LANGUAGE_STANDARD = "gnu++0x";
				CLANG_CXX_LIBRARY = "libc++";
				CLANG_ENABLE_MODULES = YES;
				CLANG_ENABLE_OBJC_ARC = YES;
				CLANG_WARN_BOOL_CONVERSION = YES;
				CLANG_WARN_CONSTANT_CONVERSION = YES;
				CLANG_WARN_DIRECT_OBJC_ISA_USAGE = YES_ERROR;
				CLANG_WARN_DOCUMENTATION_COMMENTS = YES;
				CLANG_WARN_EMPTY_BODY = YES;
				CLANG_WARN_ENUM_CONVERSION = YES;
				CLANG_WARN_INFINITE_RECURSION = YES;
				CLANG_WARN_INT_CONVERSION = YES;
				CLANG_WARN_OBJC_ROOT_CLASS = YES_ERROR;
				CLANG_WARN_SUSPICIOUS_MOVES = YES;
				CLANG_WARN_UNREACHABLE_CODE = YES;
				CLANG_WARN__DUPLICATE_METHOD_MATCH = YES;
				CODE_SIGN_IDENTITY = "-";
				COPY_PHASE_STRIP = NO;
				DEBUG_INFORMATION_FORMAT = dwarf;
				ENABLE_STRICT_OBJC_MSGSEND = YES;
				ENABLE_TESTABILITY = YES;
				GCC_C_LANGUAGE_STANDARD = gnu99;
				GCC_DYNAMIC_NO_PIC = NO;
				GCC_NO_COMMON_BLOCKS = YES;
				GCC_OPTIMIZATION_LEVEL = 0;
				GCC_PREPROCESSOR_DEFINITIONS = (
					"DEBUG=1",
					"$(inherited)",
				);
				GCC_WARN_64_TO_32_BIT_CONVERSION = YES;
				GCC_WARN_ABOUT_RETURN_TYPE = YES_ERROR;
				GCC_WARN_UNDECLARED_SELECTOR = YES;
				GCC_WARN_UNINITIALIZED_AUTOS = YES_AGGRESSIVE;
				GCC_WARN_UNUSED_FUNCTION = YES;
				GCC_WARN_UNUSED_VARIABLE = YES;
				MACOSX_DEPLOYMENT_TARGET = 10.12;
				MTL_ENABLE_DEBUG_INFO = YES;
				ONLY_ACTIVE_ARCH = YES;
				SDKROOT = macosx;
				SWIFT_OPTIMIZATION_LEVEL = "-Onone";
			};
			name = Debug;
		};
		C9567A881DAC5C1B004480A0 /* Release */ = {
			isa = XCBuildConfiguration;
			buildSettings = {
				ALWAYS_SEARCH_USER_PATHS = NO;
				CLANG_ANALYZER_NONNULL = YES;
				CLANG_CXX_LANGUAGE_STANDARD = "gnu++0x";
				CLANG_CXX_LIBRARY = "libc++";
				CLANG_ENABLE_MODULES = YES;
				CLANG_ENABLE_OBJC_ARC = YES;
				CLANG_WARN_BOOL_CONVERSION = YES;
				CLANG_WARN_CONSTANT_CONVERSION = YES;
				CLANG_WARN_DIRECT_OBJC_ISA_USAGE = YES_ERROR;
				CLANG_WARN_DOCUMENTATION_COMMENTS = YES;
				CLANG_WARN_EMPTY_BODY = YES;
				CLANG_WARN_ENUM_CONVERSION = YES;
				CLANG_WARN_INFINITE_RECURSION = YES;
				CLANG_WARN_INT_CONVERSION = YES;
				CLANG_WARN_OBJC_ROOT_CLASS = YES_ERROR;
				CLANG_WARN_SUSPICIOUS_MOVES = YES;
				CLANG_WARN_UNREACHABLE_CODE = YES;
				CLANG_WARN__DUPLICATE_METHOD_MATCH = YES;
				CODE_SIGN_IDENTITY = "-";
				COPY_PHASE_STRIP = NO;
				DEBUG_INFORMATION_FORMAT = "dwarf-with-dsym";
				ENABLE_NS_ASSERTIONS = NO;
				ENABLE_STRICT_OBJC_MSGSEND = YES;
				GCC_C_LANGUAGE_STANDARD = gnu99;
				GCC_NO_COMMON_BLOCKS = YES;
				GCC_WARN_64_TO_32_BIT_CONVERSION = YES;
				GCC_WARN_ABOUT_RETURN_TYPE = YES_ERROR;
				GCC_WARN_UNDECLARED_SELECTOR = YES;
				GCC_WARN_UNINITIALIZED_AUTOS = YES_AGGRESSIVE;
				GCC_WARN_UNUSED_FUNCTION = YES;
				GCC_WARN_UNUSED_VARIABLE = YES;
				MACOSX_DEPLOYMENT_TARGET = 10.12;
				MTL_ENABLE_DEBUG_INFO = NO;
				SDKROOT = macosx;
			};
			name = Release;
		};
		C9567A8A1DAC5C1B004480A0 /* Debug */ = {
			isa = XCBuildConfiguration;
			buildSettings = {
				CODE_SIGN_IDENTITY = "Mac Developer";
				DEVELOPMENT_TEAM = ETMQ5VFD4P;
				PRODUCT_NAME = "$(TARGET_NAME)";
				SWIFT_VERSION = 3.0;
			};
			name = Debug;
		};
		C9567A8B1DAC5C1B004480A0 /* Release */ = {
			isa = XCBuildConfiguration;
			buildSettings = {
				CODE_SIGN_IDENTITY = "Mac Developer";
				DEVELOPMENT_TEAM = ETMQ5VFD4P;
				PRODUCT_NAME = "$(TARGET_NAME)";
				SWIFT_VERSION = 3.0;
			};
			name = Release;
		};
		C9BDAD0C1DAD87EB0082FE0A /* Debug */ = {
			isa = XCBuildConfiguration;
			buildSettings = {
				COMBINE_HIDPI_IMAGES = YES;
				DEVELOPMENT_TEAM = ETMQ5VFD4P;
				INFOPLIST_FILE = CalcArrayPointsTests/Info.plist;
				LD_RUNPATH_SEARCH_PATHS = "$(inherited) @executable_path/../Frameworks @loader_path/../Frameworks";
				PRODUCT_BUNDLE_IDENTIFIER = com.MatthewBond.CalcArrayPointsTests;
				PRODUCT_NAME = "$(TARGET_NAME)";
				SWIFT_ACTIVE_COMPILATION_CONDITIONS = DEBUG;
				SWIFT_VERSION = 3.0;
			};
			name = Debug;
		};
		C9BDAD0D1DAD87EB0082FE0A /* Release */ = {
			isa = XCBuildConfiguration;
			buildSettings = {
				COMBINE_HIDPI_IMAGES = YES;
				DEVELOPMENT_TEAM = ETMQ5VFD4P;
				INFOPLIST_FILE = CalcArrayPointsTests/Info.plist;
				LD_RUNPATH_SEARCH_PATHS = "$(inherited) @executable_path/../Frameworks @loader_path/../Frameworks";
				PRODUCT_BUNDLE_IDENTIFIER = com.MatthewBond.CalcArrayPointsTests;
				PRODUCT_NAME = "$(TARGET_NAME)";
				SWIFT_OPTIMIZATION_LEVEL = "-Owholemodule";
				SWIFT_VERSION = 3.0;
			};
			name = Release;
		};
/* End XCBuildConfiguration section */

/* Begin XCConfigurationList section */
		C9567A7D1DAC5C1A004480A0 /* Build configuration list for PBXProject "CalcArrayPoints" */ = {
			isa = XCConfigurationList;
			buildConfigurations = (
				C9567A871DAC5C1B004480A0 /* Debug */,
				C9567A881DAC5C1B004480A0 /* Release */,
			);
			defaultConfigurationIsVisible = 0;
			defaultConfigurationName = Release;
		};
		C9567A891DAC5C1B004480A0 /* Build configuration list for PBXNativeTarget "CalcArrayPoints" */ = {
			isa = XCConfigurationList;
			buildConfigurations = (
				C9567A8A1DAC5C1B004480A0 /* Debug */,
				C9567A8B1DAC5C1B004480A0 /* Release */,
			);
			defaultConfigurationIsVisible = 0;
			defaultConfigurationName = Release;
		};
		C9BDAD0E1DAD87EB0082FE0A /* Build configuration list for PBXNativeTarget "CalcArrayPointsTests" */ = {
			isa = XCConfigurationList;
			buildConfigurations = (
				C9BDAD0C1DAD87EB0082FE0A /* Debug */,
				C9BDAD0D1DAD87EB0082FE0A /* Release */,
			);
			defaultConfigurationIsVisible = 0;
		};
/* End XCConfigurationList section */
	};
	rootObject = C9567A7A1DAC5C1A004480A0 /* Project object */;
}
